
Microsoft Visual Studio Solution File, Format Version 12.00
# Visual Studio Version 17
VisualStudioVersion = 17.6.33712.159
MinimumVisualStudioVersion = 10.0.40219.1
Project("{2150E333-8FDC-42A3-9474-1A3956D46DE8}") = "Services", "Services", "{F33FE634-A50A-48DA-ADBA-8354DA5E8FE8}"
EndProject
Project("{2150E333-8FDC-42A3-9474-1A3956D46DE8}") = "Catalog", "Catalog", "{3FC3A96A-8C80-4113-9DFF-88AB8BCC3112}"
EndProject
Project("{FAE04EC0-301F-11D3-BF4B-00C04F79EFBC}") = "Catalog.API", "Services\Catalog\Catalog.API\Catalog.API.csproj", "{4A37CF71-2A8F-42F2-8C0F-2AA8E8B96868}"
EndProject
Project("{2150E333-8FDC-42A3-9474-1A3956D46DE8}") = "BuildingBlock", "BuildingBlock", "{50F4BA52-5AC3-4446-8695-D7B3BFD5FC88}"
EndProject
Project("{FAE04EC0-301F-11D3-BF4B-00C04F79EFBC}") = "BuildingBlocks", "BuildingBlock\BuildingBlocks\BuildingBlocks.csproj", "{5AC0A5C3-64BE-4F8E-9778-745D330D06EE}"
EndProject
Global
	GlobalSection(SolutionProperties) = preSolution
		HideSolutionNode = FALSE
	EndGlobalSection
	GlobalSection(ExtensibilityGlobals) = postSolution
		SolutionGuid = {DA082E23-04C8-4E09-B732-B2E0B30F9E15}
	EndGlobalSection
	GlobalSection(NestedProjects) = preSolution
		{3FC3A96A-8C80-4113-9DFF-88AB8BCC3112} = {F33FE634-A50A-48DA-ADBA-8354DA5E8FE8}
		{4A37CF71-2A8F-42F2-8C0F-2AA8E8B96868} = {3FC3A96A-8C80-4113-9DFF-88AB8BCC3112}
		{5AC0A5C3-64BE-4F8E-9778-745D330D06EE} = {50F4BA52-5AC3-4446-8695-D7B3BFD5FC88}
	EndGlobalSection
	GlobalSection(ProjectConfigurationPlatforms) = postSolution
		{4A37CF71-2A8F-42F2-8C0F-2AA8E8B96868}.Debug|Any CPU.ActiveCfg = Debug|Any CPU
		{4A37CF71-2A8F-42F2-8C0F-2AA8E8B96868}.Debug|Any CPU.Build.0 = Debug|Any CPU
		{4A37CF71-2A8F-42F2-8C0F-2AA8E8B96868}.Release|Any CPU.ActiveCfg = Release|Any CPU
		{4A37CF71-2A8F-42F2-8C0F-2AA8E8B96868}.Release|Any CPU.Build.0 = Release|Any CPU
		{5AC0A5C3-64BE-4F8E-9778-745D330D06EE}.Debug|Any CPU.ActiveCfg = Debug|Any CPU
		{5AC0A5C3-64BE-4F8E-9778-745D330D06EE}.Debug|Any CPU.Build.0 = Debug|Any CPU
		{5AC0A5C3-64BE-4F8E-9778-745D330D06EE}.Release|Any CPU.ActiveCfg = Release|Any CPU
		{5AC0A5C3-64BE-4F8E-9778-745D330D06EE}.Release|Any CPU.Build.0 = Release|Any CPU
	EndGlobalSection
	GlobalSection(SolutionConfigurationPlatforms) = preSolution
		Debug|Any CPU = Debug|Any CPU
		Release|Any CPU = Release|Any CPU
	EndGlobalSection
EndGlobal
