
Microsoft Visual Studio Solution File, Format Version 12.00
# Visual Studio Version 17
VisualStudioVersion = 17.6.33712.159
MinimumVisualStudioVersion = 10.0.40219.1
Project("{2150E333-8FDC-42A3-9474-1A3956D46DE8}") = "Services", "Services", "{F33FE634-A50A-48DA-ADBA-8354DA5E8FE8}"
EndProject
Project("{2150E333-8FDC-42A3-9474-1A3956D46DE8}") = "Catalog", "Catalog", "{3FC3A96A-8C80-4113-9DFF-88AB8BCC3112}"
EndProject
Project("{9A19103F-16F7-4668-BE54-9A1E7A4F7556}") = "Catalog.API", "Services\Catalog\Catalog.API\Catalog.API.csproj", "{4A37CF71-2A8F-42F2-8C0F-2AA8E8B96868}"
EndProject
Project("{2150E333-8FDC-42A3-9474-1A3956D46DE8}") = "BuildingBlock", "BuildingBlock", "{50F4BA52-5AC3-4446-8695-D7B3BFD5FC88}"
EndProject
Project("{9A19103F-16F7-4668-BE54-9A1E7A4F7556}") = "BuildingBlocks", "BuildingBlock\BuildingBlocks\BuildingBlocks.csproj", "{5AC0A5C3-64BE-4F8E-9778-745D330D06EE}"
EndProject
Project("{E53339B2-1760-4266-BCC7-CA923CBCF16C}") = "docker-compose", "docker-compose.dcproj", "{84CEFB5E-9316-4C0C-A365-313F7BBB55F9}"
EndProject
Project("{2150E333-8FDC-42A3-9474-1A3956D46DE8}") = "Basket", "Basket", "{083E24C4-DBFF-4BD6-A9E8-CA0F5CA02364}"
EndProject
Project("{FAE04EC0-301F-11D3-BF4B-00C04F79EFBC}") = "Basket.API", "Services\Basket\Basket.API\Basket.API.csproj", "{13212E86-DBA6-4FA9-B4CC-E9889890C493}"
EndProject
Project("{2150E333-8FDC-42A3-9474-1A3956D46DE8}") = "Discount", "Discount", "{EDF207D6-3F66-40D8-8F48-4B637F6739D2}"
EndProject
Global
	GlobalSection(SolutionConfigurationPlatforms) = preSolution
		Debug|Any CPU = Debug|Any CPU
		Release|Any CPU = Release|Any CPU
	EndGlobalSection
	GlobalSection(ProjectConfigurationPlatforms) = postSolution
		{4A37CF71-2A8F-42F2-8C0F-2AA8E8B96868}.Debug|Any CPU.ActiveCfg = Debug|Any CPU
		{4A37CF71-2A8F-42F2-8C0F-2AA8E8B96868}.Debug|Any CPU.Build.0 = Debug|Any CPU
		{4A37CF71-2A8F-42F2-8C0F-2AA8E8B96868}.Release|Any CPU.ActiveCfg = Release|Any CPU
		{4A37CF71-2A8F-42F2-8C0F-2AA8E8B96868}.Release|Any CPU.Build.0 = Release|Any CPU
		{5AC0A5C3-64BE-4F8E-9778-745D330D06EE}.Debug|Any CPU.ActiveCfg = Debug|Any CPU
		{5AC0A5C3-64BE-4F8E-9778-745D330D06EE}.Debug|Any CPU.Build.0 = Debug|Any CPU
		{5AC0A5C3-64BE-4F8E-9778-745D330D06EE}.Release|Any CPU.ActiveCfg = Release|Any CPU
		{5AC0A5C3-64BE-4F8E-9778-745D330D06EE}.Release|Any CPU.Build.0 = Release|Any CPU
		{84CEFB5E-9316-4C0C-A365-313F7BBB55F9}.Debug|Any CPU.ActiveCfg = Debug|Any CPU
		{84CEFB5E-9316-4C0C-A365-313F7BBB55F9}.Debug|Any CPU.Build.0 = Debug|Any CPU
		{84CEFB5E-9316-4C0C-A365-313F7BBB55F9}.Release|Any CPU.ActiveCfg = Release|Any CPU
		{84CEFB5E-9316-4C0C-A365-313F7BBB55F9}.Release|Any CPU.Build.0 = Release|Any CPU
		{13212E86-DBA6-4FA9-B4CC-E9889890C493}.Debug|Any CPU.ActiveCfg = Debug|Any CPU
		{13212E86-DBA6-4FA9-B4CC-E9889890C493}.Debug|Any CPU.Build.0 = Debug|Any CPU
		{13212E86-DBA6-4FA9-B4CC-E9889890C493}.Release|Any CPU.ActiveCfg = Release|Any CPU
		{13212E86-DBA6-4FA9-B4CC-E9889890C493}.Release|Any CPU.Build.0 = Release|Any CPU
	EndGlobalSection
	GlobalSection(SolutionProperties) = preSolution
		HideSolutionNode = FALSE
	EndGlobalSection
	GlobalSection(NestedProjects) = preSolution
		{3FC3A96A-8C80-4113-9DFF-88AB8BCC3112} = {F33FE634-A50A-48DA-ADBA-8354DA5E8FE8}
		{4A37CF71-2A8F-42F2-8C0F-2AA8E8B96868} = {3FC3A96A-8C80-4113-9DFF-88AB8BCC3112}
		{5AC0A5C3-64BE-4F8E-9778-745D330D06EE} = {50F4BA52-5AC3-4446-8695-D7B3BFD5FC88}
		{083E24C4-DBFF-4BD6-A9E8-CA0F5CA02364} = {F33FE634-A50A-48DA-ADBA-8354DA5E8FE8}
		{13212E86-DBA6-4FA9-B4CC-E9889890C493} = {083E24C4-DBFF-4BD6-A9E8-CA0F5CA02364}
		{EDF207D6-3F66-40D8-8F48-4B637F6739D2} = {F33FE634-A50A-48DA-ADBA-8354DA5E8FE8}
	EndGlobalSection
	GlobalSection(ExtensibilityGlobals) = postSolution
		SolutionGuid = {DA082E23-04C8-4E09-B732-B2E0B30F9E15}
	EndGlobalSection
EndGlobal
